{
  "name": "dogerush",
  "version": "1.0.0",
  "lockfileVersion": 2,
  "requires": true,
  "packages": {
    "": {
      "name": "dogerush",
      "version": "1.0.0",
      "license": "ISC",
      "dependencies": {
        "canvas-confetti": "^1.0.0",
        "confetti-js": "^0.0.18",
        "howler": "^2.2.1"
      }
    },
    "node_modules/canvas-confetti": {
      "version": "1.0.0",
      "resolved": "https://registry.npmjs.org/canvas-confetti/-/canvas-confetti-1.0.0.tgz",
      "integrity": "sha512-KjOZVhMbCq7V3eRq49cmHYA9MVY+jcj4YhPc+hP0TxHnj9yGZYwEUNk11aUTGSpma7wVQwj0qxSF+Dc/wbKlWQ=="
    },
    "node_modules/confetti-js": {
      "version": "0.0.18",
      "resolved": "https://registry.npmjs.org/confetti-js/-/confetti-js-0.0.18.tgz",
      "integrity": "sha512-0B7pYmZGBZuBkN32ydjWRpJLfRUT9KZYkQKkC4SGrAsUq0XE2DLY5foCWBXMXXVg7sFKs3qIb+qsDx1eFTeSvA=="
    },
    "node_modules/howler": {
      "version": "2.2.1",
      "resolved": "https://registry.npmjs.org/howler/-/howler-2.2.1.tgz",
      "integrity": "sha512-0iIXvuBO/81CcrQ/HSSweYmbT50fT2mIc9XMFb+kxIfk2pW/iKzDbX1n3fZmDXMEIpYvyyfrB+gXwPYSDqUxIQ=="
    }
  },
  "dependencies": {
    "canvas-confetti": {
      "version": "1.0.0",
      "resolved": "https://registry.npmjs.org/canvas-confetti/-/canvas-confetti-1.0.0.tgz",
      "integrity": "sha512-KjOZVhMbCq7V3eRq49cmHYA9MVY+jcj4YhPc+hP0TxHnj9yGZYwEUNk11aUTGSpma7wVQwj0qxSF+Dc/wbKlWQ=="
    },
    "confetti-js": {
      "version": "0.0.18",
      "resolved": "https://registry.npmjs.org/confetti-js/-/confetti-js-0.0.18.tgz",
      "integrity": "sha512-0B7pYmZGBZuBkN32ydjWRpJLfRUT9KZYkQKkC4SGrAsUq0XE2DLY5foCWBXMXXVg7sFKs3qIb+qsDx1eFTeSvA=="
    },
    "howler": {
      "version": "2.2.1",
      "resolved": "https://registry.npmjs.org/howler/-/howler-2.2.1.tgz",
      "integrity": "sha512-0iIXvuBO/81CcrQ/HSSweYmbT50fT2mIc9XMFb+kxIfk2pW/iKzDbX1n3fZmDXMEIpYvyyfrB+gXwPYSDqUxIQ=="
    }
  }
}
